
Microsoft Visual Studio Solution File, Format Version 12.00
# Visual Studio Version 17
VisualStudioVersion = 17.7.34031.279
MinimumVisualStudioVersion = 10.0.40219.1
Project("{FAE04EC0-301F-11D3-BF4B-00C04F79EFBC}") = "DeliveryInternational", "DeliveryInternational\DeliveryInternational.csproj", "{23C17339-1DE7-44F9-BF02-BAF8AB5392B5}"
EndProject
Global
	GlobalSection(SolutionConfigurationPlatforms) = preSolution
		Debug|Any CPU = Debug|Any CPU
		Release|Any CPU = Release|Any CPU
	EndGlobalSection
	GlobalSection(ProjectConfigurationPlatforms) = postSolution
		{23C17339-1DE7-44F9-BF02-BAF8AB5392B5}.Debug|Any CPU.ActiveCfg = Debug|Any CPU
		{23C17339-1DE7-44F9-BF02-BAF8AB5392B5}.Debug|Any CPU.Build.0 = Debug|Any CPU
		{23C17339-1DE7-44F9-BF02-BAF8AB5392B5}.Release|Any CPU.ActiveCfg = Release|Any CPU
		{23C17339-1DE7-44F9-BF02-BAF8AB5392B5}.Release|Any CPU.Build.0 = Release|Any CPU
	EndGlobalSection
	GlobalSection(SolutionProperties) = preSolution
		HideSolutionNode = FALSE
	EndGlobalSection
	GlobalSection(ExtensibilityGlobals) = postSolution
		SolutionGuid = {16861808-F779-4CF4-9DD2-7501914EAED5}
	EndGlobalSection
EndGlobal
